
Microsoft Visual Studio Solution File, Format Version 12.00
# Visual Studio Version 16
VisualStudioVersion = 16.0.31624.102
MinimumVisualStudioVersion = 10.0.40219.1
Project("{FAE04EC0-301F-11D3-BF4B-00C04F79EFBC}") = "databaseCommand", "databaseCommand\databaseCommand.csproj", "{BD623640-6DCC-4C94-A362-8C3245392C03}"
EndProject
Global
	GlobalSection(SolutionConfigurationPlatforms) = preSolution
		Debug|Any CPU = Debug|Any CPU
		Release|Any CPU = Release|Any CPU
	EndGlobalSection
	GlobalSection(ProjectConfigurationPlatforms) = postSolution
		{BD623640-6DCC-4C94-A362-8C3245392C03}.Debug|Any CPU.ActiveCfg = Debug|Any CPU
		{BD623640-6DCC-4C94-A362-8C3245392C03}.Debug|Any CPU.Build.0 = Debug|Any CPU
		{BD623640-6DCC-4C94-A362-8C3245392C03}.Release|Any CPU.ActiveCfg = Release|Any CPU
		{BD623640-6DCC-4C94-A362-8C3245392C03}.Release|Any CPU.Build.0 = Release|Any CPU
	EndGlobalSection
	GlobalSection(SolutionProperties) = preSolution
		HideSolutionNode = FALSE
	EndGlobalSection
	GlobalSection(ExtensibilityGlobals) = postSolution
		SolutionGuid = {DF2E4BA0-70B3-4DB9-B382-CFAA3E1D7655}
	EndGlobalSection
EndGlobal
