
Microsoft Visual Studio Solution File, Format Version 12.00
# Visual Studio Version 16
VisualStudioVersion = 16.0.31624.102
MinimumVisualStudioVersion = 10.0.40219.1
Project("{FAE04EC0-301F-11D3-BF4B-00C04F79EFBC}") = "longWord", "longWord\longWord.csproj", "{A36FEE68-54C0-4272-8325-858E714E2E3E}"
EndProject
Global
	GlobalSection(SolutionConfigurationPlatforms) = preSolution
		Debug|Any CPU = Debug|Any CPU
		Release|Any CPU = Release|Any CPU
	EndGlobalSection
	GlobalSection(ProjectConfigurationPlatforms) = postSolution
		{A36FEE68-54C0-4272-8325-858E714E2E3E}.Debug|Any CPU.ActiveCfg = Debug|Any CPU
		{A36FEE68-54C0-4272-8325-858E714E2E3E}.Debug|Any CPU.Build.0 = Debug|Any CPU
		{A36FEE68-54C0-4272-8325-858E714E2E3E}.Release|Any CPU.ActiveCfg = Release|Any CPU
		{A36FEE68-54C0-4272-8325-858E714E2E3E}.Release|Any CPU.Build.0 = Release|Any CPU
	EndGlobalSection
	GlobalSection(SolutionProperties) = preSolution
		HideSolutionNode = FALSE
	EndGlobalSection
	GlobalSection(ExtensibilityGlobals) = postSolution
		SolutionGuid = {165794A4-5E2F-4FB6-BDD2-A1ABD2627B5C}
	EndGlobalSection
EndGlobal
