
Microsoft Visual Studio Solution File, Format Version 12.00
# Visual Studio Version 16
VisualStudioVersion = 16.0.31624.102
MinimumVisualStudioVersion = 10.0.40219.1
Project("{FAE04EC0-301F-11D3-BF4B-00C04F79EFBC}") = "guessNumber", "guessNumber\guessNumber.csproj", "{61AD3B77-91BD-4926-82C2-23EFD69E9B41}"
EndProject
Global
	GlobalSection(SolutionConfigurationPlatforms) = preSolution
		Debug|Any CPU = Debug|Any CPU
		Release|Any CPU = Release|Any CPU
	EndGlobalSection
	GlobalSection(ProjectConfigurationPlatforms) = postSolution
		{61AD3B77-91BD-4926-82C2-23EFD69E9B41}.Debug|Any CPU.ActiveCfg = Debug|Any CPU
		{61AD3B77-91BD-4926-82C2-23EFD69E9B41}.Debug|Any CPU.Build.0 = Debug|Any CPU
		{61AD3B77-91BD-4926-82C2-23EFD69E9B41}.Release|Any CPU.ActiveCfg = Release|Any CPU
		{61AD3B77-91BD-4926-82C2-23EFD69E9B41}.Release|Any CPU.Build.0 = Release|Any CPU
	EndGlobalSection
	GlobalSection(SolutionProperties) = preSolution
		HideSolutionNode = FALSE
	EndGlobalSection
	GlobalSection(ExtensibilityGlobals) = postSolution
		SolutionGuid = {63A52FC1-1B05-422E-A34B-107B73CDDEF0}
	EndGlobalSection
EndGlobal
