
Microsoft Visual Studio Solution File, Format Version 12.00
# Visual Studio Version 16
VisualStudioVersion = 16.0.31624.102
MinimumVisualStudioVersion = 10.0.40219.1
Project("{FAE04EC0-301F-11D3-BF4B-00C04F79EFBC}") = "stackPost", "stackPost\stackPost.csproj", "{62AB53A4-D85F-4DAC-B1FF-4684AC07F0F7}"
EndProject
Global
	GlobalSection(SolutionConfigurationPlatforms) = preSolution
		Debug|Any CPU = Debug|Any CPU
		Release|Any CPU = Release|Any CPU
	EndGlobalSection
	GlobalSection(ProjectConfigurationPlatforms) = postSolution
		{62AB53A4-D85F-4DAC-B1FF-4684AC07F0F7}.Debug|Any CPU.ActiveCfg = Debug|Any CPU
		{62AB53A4-D85F-4DAC-B1FF-4684AC07F0F7}.Debug|Any CPU.Build.0 = Debug|Any CPU
		{62AB53A4-D85F-4DAC-B1FF-4684AC07F0F7}.Release|Any CPU.ActiveCfg = Release|Any CPU
		{62AB53A4-D85F-4DAC-B1FF-4684AC07F0F7}.Release|Any CPU.Build.0 = Release|Any CPU
	EndGlobalSection
	GlobalSection(SolutionProperties) = preSolution
		HideSolutionNode = FALSE
	EndGlobalSection
	GlobalSection(ExtensibilityGlobals) = postSolution
		SolutionGuid = {5BBD10F0-2938-4573-BCFD-19D0498928B1}
	EndGlobalSection
EndGlobal
