
Microsoft Visual Studio Solution File, Format Version 12.00
# Visual Studio Version 16
VisualStudioVersion = 16.0.31624.102
MinimumVisualStudioVersion = 10.0.40219.1
Project("{FAE04EC0-301F-11D3-BF4B-00C04F79EFBC}") = "readingFiles", "readingFiles\readingFiles.csproj", "{95296F84-FDBA-4205-A247-DE82FECD56ED}"
EndProject
Global
	GlobalSection(SolutionConfigurationPlatforms) = preSolution
		Debug|Any CPU = Debug|Any CPU
		Release|Any CPU = Release|Any CPU
	EndGlobalSection
	GlobalSection(ProjectConfigurationPlatforms) = postSolution
		{95296F84-FDBA-4205-A247-DE82FECD56ED}.Debug|Any CPU.ActiveCfg = Debug|Any CPU
		{95296F84-FDBA-4205-A247-DE82FECD56ED}.Debug|Any CPU.Build.0 = Debug|Any CPU
		{95296F84-FDBA-4205-A247-DE82FECD56ED}.Release|Any CPU.ActiveCfg = Release|Any CPU
		{95296F84-FDBA-4205-A247-DE82FECD56ED}.Release|Any CPU.Build.0 = Release|Any CPU
	EndGlobalSection
	GlobalSection(SolutionProperties) = preSolution
		HideSolutionNode = FALSE
	EndGlobalSection
	GlobalSection(ExtensibilityGlobals) = postSolution
		SolutionGuid = {53B9E0FC-5403-447B-BE86-8769DF689FC3}
	EndGlobalSection
EndGlobal
